github.com/cespare/xxhash/v2 v2.1.2 h1:YRXhKfTDauu4ajMg1TPgFO5jnlC2HCbmLXMcTG5cbYE=
github.com/cespare/xxhash/v2 v2.1.2/go.mod h1:VGX0DQ3Q6kWi7AoAeZDth3/j3BFtOZR5XLFGgcrjCOs=
github.com/dgryski/go-rendezvous v0.0.0-20200823014737-9f7001d12a5f h1:lO4WD4F/rVNCu3HqELle0jiPLLBs70cWOduZpkS1E78=
github.com/dgryski/go-rendezvous v0.0.0-20200823014737-9f7001d12a5f/go.mod h1:cuUVRXasLTGF7a8hSLbxyZXjz+1KgoB3wDUb6vlszIc=
github.com/go-redis/redis/v8 v8.11.5 h1:AcZZR7igkdvfVmQTPnu9WE37LRrO/YrBH5zWyjDC0oI=
github.com/go-redis/redis/v8 v8.11.5/go.mod h1:gREzHqY1hg6oD9ngVRbLStwAWKhA0FEgq8Jd4h5lpwo=
github.com/onceuponworld/ouw-sdk v0.0.0-20220912235910-89e6180b91ad h1:fgmj3I9r8T82cguERtnudenk0FbVZLcrDbI2JpXobrQ=
github.com/onceuponworld/ouw-sdk v0.0.0-20220912235910-89e6180b91ad/go.mod h1:RaiBxT3F4p45VeOlosIYALmcmaU+i9OqED4wAjtFkJE=
github.com/onceuponworld/ouw-sdk v0.0.0-20220914025104-98528e535534 h1:VRQhFfMKwD32OKmI9AWWTWvHvi6iv6J9YbsGaCO6nqo=
github.com/onceuponworld/ouw-sdk v0.0.0-20220914025104-98528e535534/go.mod h1:Xw4X/spP1tOh1Jnp/iOoifZof0fpmQZ98JcELP59e2U=
github.com/onceuponworld/ouw-sdk v0.0.0-20220914064834-0264ec9d1071 h1:mp+xB8/ijp5cAl2drM/nx9bMtLZgVj+NoOBi1gedG1g=
github.com/onceuponworld/ouw-sdk v0.0.0-20220914064834-0264ec9d1071/go.mod h1:Xw4X/spP1tOh1Jnp/iOoifZof0fpmQZ98JcELP59e2U=
