github.com/cespare/xxhash/v2 v2.1.2 h1:YRXhKfTDauu4ajMg1TPgFO5jnlC2HCbmLXMcTG5cbYE=
github.com/cespare/xxhash/v2 v2.1.2/go.mod h1:VGX0DQ3Q6kWi7AoAeZDth3/j3BFtOZR5XLFGgcrjCOs=
github.com/dgryski/go-rendezvous v0.0.0-20200823014737-9f7001d12a5f h1:lO4WD4F/rVNCu3HqELle0jiPLLBs70cWOduZpkS1E78=
github.com/dgryski/go-rendezvous v0.0.0-20200823014737-9f7001d12a5f/go.mod h1:cuUVRXasLTGF7a8hSLbxyZXjz+1KgoB3wDUb6vlszIc=
github.com/go-redis/redis/v8 v8.11.5 h1:AcZZR7igkdvfVmQTPnu9WE37LRrO/YrBH5zWyjDC0oI=
github.com/go-redis/redis/v8 v8.11.5/go.mod h1:gREzHqY1hg6oD9ngVRbLStwAWKhA0FEgq8Jd4h5lpwo=
github.com/onceuponworld/ouw-sdk v0.0.0-20220912235910-89e6180b91ad h1:fgmj3I9r8T82cguERtnudenk0FbVZLcrDbI2JpXobrQ=
github.com/onceuponworld/ouw-sdk v0.0.0-20220912235910-89e6180b91ad/go.mod h1:RaiBxT3F4p45VeOlosIYALmcmaU+i9OqED4wAjtFkJE=
github.com/onceuponworld/ouw-sdk v0.0.0-20220914025104-98528e535534 h1:VRQhFfMKwD32OKmI9AWWTWvHvi6iv6J9YbsGaCO6nqo=
github.com/onceuponworld/ouw-sdk v0.0.0-20220914025104-98528e535534/go.mod h1:Xw4X/spP1tOh1Jnp/iOoifZof0fpmQZ98JcELP59e2U=
github.com/onceuponworld/ouw-sdk v0.0.0-20220914064834-0264ec9d1071 h1:mp+xB8/ijp5cAl2drM/nx9bMtLZgVj+NoOBi1gedG1g=
github.com/onceuponworld/ouw-sdk v0.0.0-20220914064834-0264ec9d1071/go.mod h1:Xw4X/spP1tOh1Jnp/iOoifZof0fpmQZ98JcELP59e2U=
github.com/onceuponworld/ouw-sdk v0.0.0-20220914110332-d92360d92d8a h1:80aLdn0y5a0ZRXtTNqA0M8V9CyYhmD4R32qQN73gr5c=
github.com/onceuponworld/ouw-sdk v0.0.0-20220914110332-d92360d92d8a/go.mod h1:Xw4X/spP1tOh1Jnp/iOoifZof0fpmQZ98JcELP59e2U=
github.com/onceuponworld/ouw-sdk v0.0.0-20220914134435-13d7e2719482 h1:q8UyOUmYQZsMl76j+6MuonzOjv6/H8SOY9J+Yjxl6FA=
github.com/onceuponworld/ouw-sdk v0.0.0-20220914134435-13d7e2719482/go.mod h1:Xw4X/spP1tOh1Jnp/iOoifZof0fpmQZ98JcELP59e2U=
github.com/onceuponworld/ouw-sdk v0.0.0-20220917012923-5a15073acb12 h1:+KPBejNyIo4VK4O+jtrnaw+FDUBqAvpd7tG+8CMCQwA=
github.com/onceuponworld/ouw-sdk v0.0.0-20220917012923-5a15073acb12/go.mod h1:Xw4X/spP1tOh1Jnp/iOoifZof0fpmQZ98JcELP59e2U=
github.com/onceuponworld/ouw-sdk v0.0.0-20220917013310-3ea0ceb3ddd1 h1:SHyChTG5JCro+zuNdZMlLOvYsGLifxnoBw1oA2nROF0=
github.com/onceuponworld/ouw-sdk v0.0.0-20220917013310-3ea0ceb3ddd1/go.mod h1:Xw4X/spP1tOh1Jnp/iOoifZof0fpmQZ98JcELP59e2U=
github.com/onceuponworld/ouw-sdk v0.0.0-20220917013825-f3fe620d4439 h1:q40zdn0+naGRkuksBRx3u02fDV0I0QF3g/f3+fCx2tI=
github.com/onceuponworld/ouw-sdk v0.0.0-20220917013825-f3fe620d4439/go.mod h1:Xw4X/spP1tOh1Jnp/iOoifZof0fpmQZ98JcELP59e2U=
github.com/onceuponworld/ouw-sdk v0.0.0-20220917014630-1dfd950c1114 h1:WFxvnGvyI1eVFuWJDLGwaKD8Vj8t+4gkR6o6vbhICqo=
github.com/onceuponworld/ouw-sdk v0.0.0-20220917014630-1dfd950c1114/go.mod h1:Xw4X/spP1tOh1Jnp/iOoifZof0fpmQZ98JcELP59e2U=
github.com/onceuponworld/ouw-sdk v0.0.0-20220917014909-0d538937238e h1:8XASxrl5ENNQ4scAe8fNE5LwpHNgQCGqBo5GwKXpQIc=
github.com/onceuponworld/ouw-sdk v0.0.0-20220917014909-0d538937238e/go.mod h1:Xw4X/spP1tOh1Jnp/iOoifZof0fpmQZ98JcELP59e2U=
